
Microsoft Visual Studio Solution File, Format Version 12.00
# Visual Studio Version 16
VisualStudioVersion = 16.0.30907.101
MinimumVisualStudioVersion = 10.0.40219.1
Project("{FAE04EC0-301F-11D3-BF4B-00C04F79EFBC}") = "UserRegistrationValidation", "UserRegistrationValidation.csproj", "{9921D62D-56E3-4073-A679-D9B697E93E2D}"
EndProject
Project("{FAE04EC0-301F-11D3-BF4B-00C04F79EFBC}") = "UserRegistrationUnitTesting", "..\UserRegistrationUnitTesting\UserRegistrationUnitTesting.csproj", "{A4CDB304-D84C-4212-B619-BF96C0FD1A82}"
EndProject
Global
	GlobalSection(SolutionConfigurationPlatforms) = preSolution
		Debug|Any CPU = Debug|Any CPU
		Release|Any CPU = Release|Any CPU
	EndGlobalSection
	GlobalSection(ProjectConfigurationPlatforms) = postSolution
		{9921D62D-56E3-4073-A679-D9B697E93E2D}.Debug|Any CPU.ActiveCfg = Debug|Any CPU
		{9921D62D-56E3-4073-A679-D9B697E93E2D}.Debug|Any CPU.Build.0 = Debug|Any CPU
		{9921D62D-56E3-4073-A679-D9B697E93E2D}.Release|Any CPU.ActiveCfg = Release|Any CPU
		{9921D62D-56E3-4073-A679-D9B697E93E2D}.Release|Any CPU.Build.0 = Release|Any CPU
		{A4CDB304-D84C-4212-B619-BF96C0FD1A82}.Debug|Any CPU.ActiveCfg = Debug|Any CPU
		{A4CDB304-D84C-4212-B619-BF96C0FD1A82}.Debug|Any CPU.Build.0 = Debug|Any CPU
		{A4CDB304-D84C-4212-B619-BF96C0FD1A82}.Release|Any CPU.ActiveCfg = Release|Any CPU
		{A4CDB304-D84C-4212-B619-BF96C0FD1A82}.Release|Any CPU.Build.0 = Release|Any CPU
	EndGlobalSection
	GlobalSection(SolutionProperties) = preSolution
		HideSolutionNode = FALSE
	EndGlobalSection
	GlobalSection(ExtensibilityGlobals) = postSolution
		SolutionGuid = {791BB617-FF28-4514-82C3-A8A047051A3D}
	EndGlobalSection
EndGlobal
